
Microsoft Visual Studio Solution File, Format Version 12.00
# Visual Studio 15
VisualStudioVersion = 15.0.26124.0
MinimumVisualStudioVersion = 15.0.26124.0
Project("{2150E333-8FDC-42A3-9474-1A3956D46DE8}") = "src", "src", "{BF345838-8E37-4200-8CF2-AE19B955F708}"
EndProject
Project("{FAE04EC0-301F-11D3-BF4B-00C04F79EFBC}") = "JacksonVeroneze.ViaCep.API", "src\JacksonVeroneze.ViaCep.API\JacksonVeroneze.ViaCep.API.csproj", "{D12EFE63-2E16-4D39-9EF3-2BA8146CA8A5}"
EndProject
Project("{FAE04EC0-301F-11D3-BF4B-00C04F79EFBC}") = "JacksonVeroneze.ViaCep.Domain", "src\JacksonVeroneze.ViaCep.Domain\JacksonVeroneze.ViaCep.Domain.csproj", "{315C58C7-BAD0-4E78-9609-89F3F9EAB7EE}"
EndProject
Project("{FAE04EC0-301F-11D3-BF4B-00C04F79EFBC}") = "JacksonVeroneze.ViaCep.Data", "src\JacksonVeroneze.ViaCep.Data\JacksonVeroneze.ViaCep.Data.csproj", "{3F9FD105-676D-4D79-9688-55E94EE0E5F3}"
EndProject
Project("{FAE04EC0-301F-11D3-BF4B-00C04F79EFBC}") = "JacksonVeroneze.ViaCep.BuildingBlocks", "src\JacksonVeroneze.ViaCep.BuildingBlocks\JacksonVeroneze.ViaCep.BuildingBlocks.csproj", "{CFDED537-99B7-487A-941C-DD4D41BD87CA}"
EndProject
Project("{FAE04EC0-301F-11D3-BF4B-00C04F79EFBC}") = "JacksonVeroneze.ViaCep.UnitTests", "src\JacksonVeroneze.ViaCep.UnitTests\JacksonVeroneze.ViaCep.UnitTests.csproj", "{9FDD2F23-63CD-4A1B-B64F-FA8D23A1D4BD}"
EndProject
Project("{FAE04EC0-301F-11D3-BF4B-00C04F79EFBC}") = "JacksonVeroneze.ViaCep.IntegrationTests", "src\JacksonVeroneze.ViaCep.IntegrationTests\JacksonVeroneze.ViaCep.IntegrationTests.csproj", "{0688C405-FB08-4783-8268-D1B3911F7734}"
EndProject
Global
	GlobalSection(SolutionConfigurationPlatforms) = preSolution
		Debug|Any CPU = Debug|Any CPU
		Debug|x64 = Debug|x64
		Debug|x86 = Debug|x86
		Release|Any CPU = Release|Any CPU
		Release|x64 = Release|x64
		Release|x86 = Release|x86
	EndGlobalSection
	GlobalSection(SolutionProperties) = preSolution
		HideSolutionNode = FALSE
	EndGlobalSection
	GlobalSection(ProjectConfigurationPlatforms) = postSolution
		{D12EFE63-2E16-4D39-9EF3-2BA8146CA8A5}.Debug|Any CPU.ActiveCfg = Debug|Any CPU
		{D12EFE63-2E16-4D39-9EF3-2BA8146CA8A5}.Debug|Any CPU.Build.0 = Debug|Any CPU
		{D12EFE63-2E16-4D39-9EF3-2BA8146CA8A5}.Debug|x64.ActiveCfg = Debug|Any CPU
		{D12EFE63-2E16-4D39-9EF3-2BA8146CA8A5}.Debug|x64.Build.0 = Debug|Any CPU
		{D12EFE63-2E16-4D39-9EF3-2BA8146CA8A5}.Debug|x86.ActiveCfg = Debug|Any CPU
		{D12EFE63-2E16-4D39-9EF3-2BA8146CA8A5}.Debug|x86.Build.0 = Debug|Any CPU
		{D12EFE63-2E16-4D39-9EF3-2BA8146CA8A5}.Release|Any CPU.ActiveCfg = Release|Any CPU
		{D12EFE63-2E16-4D39-9EF3-2BA8146CA8A5}.Release|Any CPU.Build.0 = Release|Any CPU
		{D12EFE63-2E16-4D39-9EF3-2BA8146CA8A5}.Release|x64.ActiveCfg = Release|Any CPU
		{D12EFE63-2E16-4D39-9EF3-2BA8146CA8A5}.Release|x64.Build.0 = Release|Any CPU
		{D12EFE63-2E16-4D39-9EF3-2BA8146CA8A5}.Release|x86.ActiveCfg = Release|Any CPU
		{D12EFE63-2E16-4D39-9EF3-2BA8146CA8A5}.Release|x86.Build.0 = Release|Any CPU
		{315C58C7-BAD0-4E78-9609-89F3F9EAB7EE}.Debug|Any CPU.ActiveCfg = Debug|Any CPU
		{315C58C7-BAD0-4E78-9609-89F3F9EAB7EE}.Debug|Any CPU.Build.0 = Debug|Any CPU
		{315C58C7-BAD0-4E78-9609-89F3F9EAB7EE}.Debug|x64.ActiveCfg = Debug|Any CPU
		{315C58C7-BAD0-4E78-9609-89F3F9EAB7EE}.Debug|x64.Build.0 = Debug|Any CPU
		{315C58C7-BAD0-4E78-9609-89F3F9EAB7EE}.Debug|x86.ActiveCfg = Debug|Any CPU
		{315C58C7-BAD0-4E78-9609-89F3F9EAB7EE}.Debug|x86.Build.0 = Debug|Any CPU
		{315C58C7-BAD0-4E78-9609-89F3F9EAB7EE}.Release|Any CPU.ActiveCfg = Release|Any CPU
		{315C58C7-BAD0-4E78-9609-89F3F9EAB7EE}.Release|Any CPU.Build.0 = Release|Any CPU
		{315C58C7-BAD0-4E78-9609-89F3F9EAB7EE}.Release|x64.ActiveCfg = Release|Any CPU
		{315C58C7-BAD0-4E78-9609-89F3F9EAB7EE}.Release|x64.Build.0 = Release|Any CPU
		{315C58C7-BAD0-4E78-9609-89F3F9EAB7EE}.Release|x86.ActiveCfg = Release|Any CPU
		{315C58C7-BAD0-4E78-9609-89F3F9EAB7EE}.Release|x86.Build.0 = Release|Any CPU
		{3F9FD105-676D-4D79-9688-55E94EE0E5F3}.Debug|Any CPU.ActiveCfg = Debug|Any CPU
		{3F9FD105-676D-4D79-9688-55E94EE0E5F3}.Debug|Any CPU.Build.0 = Debug|Any CPU
		{3F9FD105-676D-4D79-9688-55E94EE0E5F3}.Debug|x64.ActiveCfg = Debug|Any CPU
		{3F9FD105-676D-4D79-9688-55E94EE0E5F3}.Debug|x64.Build.0 = Debug|Any CPU
		{3F9FD105-676D-4D79-9688-55E94EE0E5F3}.Debug|x86.ActiveCfg = Debug|Any CPU
		{3F9FD105-676D-4D79-9688-55E94EE0E5F3}.Debug|x86.Build.0 = Debug|Any CPU
		{3F9FD105-676D-4D79-9688-55E94EE0E5F3}.Release|Any CPU.ActiveCfg = Release|Any CPU
		{3F9FD105-676D-4D79-9688-55E94EE0E5F3}.Release|Any CPU.Build.0 = Release|Any CPU
		{3F9FD105-676D-4D79-9688-55E94EE0E5F3}.Release|x64.ActiveCfg = Release|Any CPU
		{3F9FD105-676D-4D79-9688-55E94EE0E5F3}.Release|x64.Build.0 = Release|Any CPU
		{3F9FD105-676D-4D79-9688-55E94EE0E5F3}.Release|x86.ActiveCfg = Release|Any CPU
		{3F9FD105-676D-4D79-9688-55E94EE0E5F3}.Release|x86.Build.0 = Release|Any CPU
		{CFDED537-99B7-487A-941C-DD4D41BD87CA}.Debug|Any CPU.ActiveCfg = Debug|Any CPU
		{CFDED537-99B7-487A-941C-DD4D41BD87CA}.Debug|Any CPU.Build.0 = Debug|Any CPU
		{CFDED537-99B7-487A-941C-DD4D41BD87CA}.Debug|x64.ActiveCfg = Debug|Any CPU
		{CFDED537-99B7-487A-941C-DD4D41BD87CA}.Debug|x64.Build.0 = Debug|Any CPU
		{CFDED537-99B7-487A-941C-DD4D41BD87CA}.Debug|x86.ActiveCfg = Debug|Any CPU
		{CFDED537-99B7-487A-941C-DD4D41BD87CA}.Debug|x86.Build.0 = Debug|Any CPU
		{CFDED537-99B7-487A-941C-DD4D41BD87CA}.Release|Any CPU.ActiveCfg = Release|Any CPU
		{CFDED537-99B7-487A-941C-DD4D41BD87CA}.Release|Any CPU.Build.0 = Release|Any CPU
		{CFDED537-99B7-487A-941C-DD4D41BD87CA}.Release|x64.ActiveCfg = Release|Any CPU
		{CFDED537-99B7-487A-941C-DD4D41BD87CA}.Release|x64.Build.0 = Release|Any CPU
		{CFDED537-99B7-487A-941C-DD4D41BD87CA}.Release|x86.ActiveCfg = Release|Any CPU
		{CFDED537-99B7-487A-941C-DD4D41BD87CA}.Release|x86.Build.0 = Release|Any CPU
		{9FDD2F23-63CD-4A1B-B64F-FA8D23A1D4BD}.Debug|Any CPU.ActiveCfg = Debug|Any CPU
		{9FDD2F23-63CD-4A1B-B64F-FA8D23A1D4BD}.Debug|Any CPU.Build.0 = Debug|Any CPU
		{9FDD2F23-63CD-4A1B-B64F-FA8D23A1D4BD}.Debug|x64.ActiveCfg = Debug|Any CPU
		{9FDD2F23-63CD-4A1B-B64F-FA8D23A1D4BD}.Debug|x64.Build.0 = Debug|Any CPU
		{9FDD2F23-63CD-4A1B-B64F-FA8D23A1D4BD}.Debug|x86.ActiveCfg = Debug|Any CPU
		{9FDD2F23-63CD-4A1B-B64F-FA8D23A1D4BD}.Debug|x86.Build.0 = Debug|Any CPU
		{9FDD2F23-63CD-4A1B-B64F-FA8D23A1D4BD}.Release|Any CPU.ActiveCfg = Release|Any CPU
		{9FDD2F23-63CD-4A1B-B64F-FA8D23A1D4BD}.Release|Any CPU.Build.0 = Release|Any CPU
		{9FDD2F23-63CD-4A1B-B64F-FA8D23A1D4BD}.Release|x64.ActiveCfg = Release|Any CPU
		{9FDD2F23-63CD-4A1B-B64F-FA8D23A1D4BD}.Release|x64.Build.0 = Release|Any CPU
		{9FDD2F23-63CD-4A1B-B64F-FA8D23A1D4BD}.Release|x86.ActiveCfg = Release|Any CPU
		{9FDD2F23-63CD-4A1B-B64F-FA8D23A1D4BD}.Release|x86.Build.0 = Release|Any CPU
		{0688C405-FB08-4783-8268-D1B3911F7734}.Debug|Any CPU.ActiveCfg = Debug|Any CPU
		{0688C405-FB08-4783-8268-D1B3911F7734}.Debug|Any CPU.Build.0 = Debug|Any CPU
		{0688C405-FB08-4783-8268-D1B3911F7734}.Debug|x64.ActiveCfg = Debug|Any CPU
		{0688C405-FB08-4783-8268-D1B3911F7734}.Debug|x64.Build.0 = Debug|Any CPU
		{0688C405-FB08-4783-8268-D1B3911F7734}.Debug|x86.ActiveCfg = Debug|Any CPU
		{0688C405-FB08-4783-8268-D1B3911F7734}.Debug|x86.Build.0 = Debug|Any CPU
		{0688C405-FB08-4783-8268-D1B3911F7734}.Release|Any CPU.ActiveCfg = Release|Any CPU
		{0688C405-FB08-4783-8268-D1B3911F7734}.Release|Any CPU.Build.0 = Release|Any CPU
		{0688C405-FB08-4783-8268-D1B3911F7734}.Release|x64.ActiveCfg = Release|Any CPU
		{0688C405-FB08-4783-8268-D1B3911F7734}.Release|x64.Build.0 = Release|Any CPU
		{0688C405-FB08-4783-8268-D1B3911F7734}.Release|x86.ActiveCfg = Release|Any CPU
		{0688C405-FB08-4783-8268-D1B3911F7734}.Release|x86.Build.0 = Release|Any CPU
	EndGlobalSection
	GlobalSection(NestedProjects) = preSolution
		{D12EFE63-2E16-4D39-9EF3-2BA8146CA8A5} = {BF345838-8E37-4200-8CF2-AE19B955F708}
		{315C58C7-BAD0-4E78-9609-89F3F9EAB7EE} = {BF345838-8E37-4200-8CF2-AE19B955F708}
		{3F9FD105-676D-4D79-9688-55E94EE0E5F3} = {BF345838-8E37-4200-8CF2-AE19B955F708}
		{CFDED537-99B7-487A-941C-DD4D41BD87CA} = {BF345838-8E37-4200-8CF2-AE19B955F708}
		{9FDD2F23-63CD-4A1B-B64F-FA8D23A1D4BD} = {BF345838-8E37-4200-8CF2-AE19B955F708}
		{0688C405-FB08-4783-8268-D1B3911F7734} = {BF345838-8E37-4200-8CF2-AE19B955F708}
	EndGlobalSection
EndGlobal
